
Microsoft Visual Studio Solution File, Format Version 12.00
# Visual Studio Version 17
VisualStudioVersion = 17.1.32319.34
MinimumVisualStudioVersion = 10.0.40219.1
Project("{9A19103F-16F7-4668-BE54-9A1E7A4F7556}") = "Authentication.Domain", "Authentication.Domain\Authentication.Domain.csproj", "{10BB09C2-C729-4C83-A104-0424F5CDFC2A}"
EndProject
Project("{9A19103F-16F7-4668-BE54-9A1E7A4F7556}") = "Authentication.Api", "Authentication.Api\Authentication.Api.csproj", "{B07B4D7F-2E8C-4205-AA45-FBD9A53B264C}"
EndProject
Project("{9A19103F-16F7-4668-BE54-9A1E7A4F7556}") = "Authentication.Infrastructure", "Authentication.Infrastructure\Authentication.Infrastructure.csproj", "{01401E46-B46F-4BF7-9732-7831184EE652}"
EndProject
Project("{9A19103F-16F7-4668-BE54-9A1E7A4F7556}") = "Authentication.Test", "Authentication.Test\Authentication.Test.csproj", "{9ED45263-0754-472E-ABBE-1DCF640C1C80}"
EndProject
Global
	GlobalSection(SolutionConfigurationPlatforms) = preSolution
		Debug|Any CPU = Debug|Any CPU
		Release|Any CPU = Release|Any CPU
	EndGlobalSection
	GlobalSection(ProjectConfigurationPlatforms) = postSolution
		{10BB09C2-C729-4C83-A104-0424F5CDFC2A}.Debug|Any CPU.ActiveCfg = Debug|Any CPU
		{10BB09C2-C729-4C83-A104-0424F5CDFC2A}.Debug|Any CPU.Build.0 = Debug|Any CPU
		{10BB09C2-C729-4C83-A104-0424F5CDFC2A}.Release|Any CPU.ActiveCfg = Release|Any CPU
		{10BB09C2-C729-4C83-A104-0424F5CDFC2A}.Release|Any CPU.Build.0 = Release|Any CPU
		{B07B4D7F-2E8C-4205-AA45-FBD9A53B264C}.Debug|Any CPU.ActiveCfg = Debug|Any CPU
		{B07B4D7F-2E8C-4205-AA45-FBD9A53B264C}.Debug|Any CPU.Build.0 = Debug|Any CPU
		{B07B4D7F-2E8C-4205-AA45-FBD9A53B264C}.Release|Any CPU.ActiveCfg = Release|Any CPU
		{B07B4D7F-2E8C-4205-AA45-FBD9A53B264C}.Release|Any CPU.Build.0 = Release|Any CPU
		{01401E46-B46F-4BF7-9732-7831184EE652}.Debug|Any CPU.ActiveCfg = Debug|Any CPU
		{01401E46-B46F-4BF7-9732-7831184EE652}.Debug|Any CPU.Build.0 = Debug|Any CPU
		{01401E46-B46F-4BF7-9732-7831184EE652}.Release|Any CPU.ActiveCfg = Release|Any CPU
		{01401E46-B46F-4BF7-9732-7831184EE652}.Release|Any CPU.Build.0 = Release|Any CPU
		{9ED45263-0754-472E-ABBE-1DCF640C1C80}.Debug|Any CPU.ActiveCfg = Debug|Any CPU
		{9ED45263-0754-472E-ABBE-1DCF640C1C80}.Debug|Any CPU.Build.0 = Debug|Any CPU
		{9ED45263-0754-472E-ABBE-1DCF640C1C80}.Release|Any CPU.ActiveCfg = Release|Any CPU
		{9ED45263-0754-472E-ABBE-1DCF640C1C80}.Release|Any CPU.Build.0 = Release|Any CPU
	EndGlobalSection
	GlobalSection(SolutionProperties) = preSolution
		HideSolutionNode = FALSE
	EndGlobalSection
	GlobalSection(ExtensibilityGlobals) = postSolution
		SolutionGuid = {748768E8-61FE-4069-885F-54EF6B00E89B}
	EndGlobalSection
EndGlobal
